
Microsoft Visual Studio Solution File, Format Version 12.00
# Visual Studio Version 17
VisualStudioVersion = 17.2.32616.157
MinimumVisualStudioVersion = 10.0.40219.1
Project("{F184B08F-C81C-45F6-A57F-5ABD9991F28F}") = "PictureBox", "PictureBox\PictureBox.vbproj", "{C6C63DE4-9F75-416D-8606-487DC2C71F34}"
EndProject
Global
	GlobalSection(SolutionConfigurationPlatforms) = preSolution
		Debug|Any CPU = Debug|Any CPU
		Release|Any CPU = Release|Any CPU
	EndGlobalSection
	GlobalSection(ProjectConfigurationPlatforms) = postSolution
		{C6C63DE4-9F75-416D-8606-487DC2C71F34}.Debug|Any CPU.ActiveCfg = Debug|Any CPU
		{C6C63DE4-9F75-416D-8606-487DC2C71F34}.Debug|Any CPU.Build.0 = Debug|Any CPU
		{C6C63DE4-9F75-416D-8606-487DC2C71F34}.Release|Any CPU.ActiveCfg = Release|Any CPU
		{C6C63DE4-9F75-416D-8606-487DC2C71F34}.Release|Any CPU.Build.0 = Release|Any CPU
	EndGlobalSection
	GlobalSection(SolutionProperties) = preSolution
		HideSolutionNode = FALSE
	EndGlobalSection
	GlobalSection(ExtensibilityGlobals) = postSolution
		SolutionGuid = {C52FFD64-475B-4923-8CE7-09BBEC29782A}
	EndGlobalSection
EndGlobal
